
Microsoft Visual Studio Solution File, Format Version 12.00
# Visual Studio 15
VisualStudioVersion = 15.0.27130.2010
MinimumVisualStudioVersion = 10.0.40219.1
Project("{FAE04EC0-301F-11D3-BF4B-00C04F79EFBC}") = "EFViews", "EFViews\EFViews.csproj", "{5AB430EB-C84B-484B-ADFF-1B698E00F516}"
EndProject
Project("{FAE04EC0-301F-11D3-BF4B-00C04F79EFBC}") = "EntityFramework.CodeFirst.DbViews", "EntityFramework.CodeFirstDbViews\EntityFramework.CodeFirst.DbViews.csproj", "{4C527D03-55CE-4BC7-AE1B-54AB47974BB3}"
EndProject
Global
	GlobalSection(SolutionConfigurationPlatforms) = preSolution
		Debug|Any CPU = Debug|Any CPU
		Release|Any CPU = Release|Any CPU
	EndGlobalSection
	GlobalSection(ProjectConfigurationPlatforms) = postSolution
		{5AB430EB-C84B-484B-ADFF-1B698E00F516}.Debug|Any CPU.ActiveCfg = Debug|Any CPU
		{5AB430EB-C84B-484B-ADFF-1B698E00F516}.Debug|Any CPU.Build.0 = Debug|Any CPU
		{5AB430EB-C84B-484B-ADFF-1B698E00F516}.Release|Any CPU.ActiveCfg = Release|Any CPU
		{5AB430EB-C84B-484B-ADFF-1B698E00F516}.Release|Any CPU.Build.0 = Release|Any CPU
		{4C527D03-55CE-4BC7-AE1B-54AB47974BB3}.Debug|Any CPU.ActiveCfg = Debug|Any CPU
		{4C527D03-55CE-4BC7-AE1B-54AB47974BB3}.Debug|Any CPU.Build.0 = Debug|Any CPU
		{4C527D03-55CE-4BC7-AE1B-54AB47974BB3}.Release|Any CPU.ActiveCfg = Release|Any CPU
		{4C527D03-55CE-4BC7-AE1B-54AB47974BB3}.Release|Any CPU.Build.0 = Release|Any CPU
	EndGlobalSection
	GlobalSection(SolutionProperties) = preSolution
		HideSolutionNode = FALSE
	EndGlobalSection
	GlobalSection(ExtensibilityGlobals) = postSolution
		SolutionGuid = {B8AB266D-CC8B-442E-8122-ADB9EF72D0EF}
	EndGlobalSection
EndGlobal
